
Microsoft Visual Studio Solution File, Format Version 12.00
# Visual Studio Version 16
VisualStudioVersion = 16.0.28922.388
MinimumVisualStudioVersion = 10.0.40219.1
Project("{2150E333-8FDC-42A3-9474-1A3956D46DE8}") = "Solution Items", "Solution Items", "{4C5E4812-6174-4F75-8AEE-45100AB9205F}"
	ProjectSection(SolutionItems) = preProject
		dotnet-passbook.nuspec = dotnet-passbook.nuspec
		README.md = README.md
	EndProjectSection
EndProject
Project("{FAE04EC0-301F-11D3-BF4B-00C04F79EFBC}") = "Passbook.Generator.Tests", "Passbook.Generator.Tests\Passbook.Generator.Tests.csproj", "{9366CDD5-5B37-4C40-9661-47B205C6D01D}"
EndProject
Project("{9A19103F-16F7-4668-BE54-9A1E7A4F7556}") = "Passbook.Generator", "Passbook.Generator\Passbook.Generator.csproj", "{3723CA11-BB28-4CE6-B70C-2631DF1F14A1}"
EndProject
Project("{9A19103F-16F7-4668-BE54-9A1E7A4F7556}") = "Passbook.SampleWebService", "Passbook.SampleWebService\Passbook.SampleWebService.csproj", "{282F14EB-2C6D-41E5-A3BA-63D5EF00FB5F}"
EndProject
Global
	GlobalSection(SolutionConfigurationPlatforms) = preSolution
		Debug|Any CPU = Debug|Any CPU
		Production|Any CPU = Production|Any CPU
		Release|Any CPU = Release|Any CPU
		Test|Any CPU = Test|Any CPU
	EndGlobalSection
	GlobalSection(ProjectConfigurationPlatforms) = postSolution
		{9366CDD5-5B37-4C40-9661-47B205C6D01D}.Debug|Any CPU.ActiveCfg = Debug|Any CPU
		{9366CDD5-5B37-4C40-9661-47B205C6D01D}.Debug|Any CPU.Build.0 = Debug|Any CPU
		{9366CDD5-5B37-4C40-9661-47B205C6D01D}.Production|Any CPU.ActiveCfg = Release|Any CPU
		{9366CDD5-5B37-4C40-9661-47B205C6D01D}.Production|Any CPU.Build.0 = Release|Any CPU
		{9366CDD5-5B37-4C40-9661-47B205C6D01D}.Release|Any CPU.ActiveCfg = Release|Any CPU
		{9366CDD5-5B37-4C40-9661-47B205C6D01D}.Release|Any CPU.Build.0 = Release|Any CPU
		{9366CDD5-5B37-4C40-9661-47B205C6D01D}.Test|Any CPU.ActiveCfg = Release|Any CPU
		{9366CDD5-5B37-4C40-9661-47B205C6D01D}.Test|Any CPU.Build.0 = Release|Any CPU
		{3723CA11-BB28-4CE6-B70C-2631DF1F14A1}.Debug|Any CPU.ActiveCfg = Debug|Any CPU
		{3723CA11-BB28-4CE6-B70C-2631DF1F14A1}.Debug|Any CPU.Build.0 = Debug|Any CPU
		{3723CA11-BB28-4CE6-B70C-2631DF1F14A1}.Production|Any CPU.ActiveCfg = Debug|Any CPU
		{3723CA11-BB28-4CE6-B70C-2631DF1F14A1}.Production|Any CPU.Build.0 = Debug|Any CPU
		{3723CA11-BB28-4CE6-B70C-2631DF1F14A1}.Release|Any CPU.ActiveCfg = Release|Any CPU
		{3723CA11-BB28-4CE6-B70C-2631DF1F14A1}.Release|Any CPU.Build.0 = Release|Any CPU
		{3723CA11-BB28-4CE6-B70C-2631DF1F14A1}.Test|Any CPU.ActiveCfg = Debug|Any CPU
		{3723CA11-BB28-4CE6-B70C-2631DF1F14A1}.Test|Any CPU.Build.0 = Debug|Any CPU
		{282F14EB-2C6D-41E5-A3BA-63D5EF00FB5F}.Debug|Any CPU.ActiveCfg = Debug|Any CPU
		{282F14EB-2C6D-41E5-A3BA-63D5EF00FB5F}.Debug|Any CPU.Build.0 = Debug|Any CPU
		{282F14EB-2C6D-41E5-A3BA-63D5EF00FB5F}.Production|Any CPU.ActiveCfg = Debug|Any CPU
		{282F14EB-2C6D-41E5-A3BA-63D5EF00FB5F}.Production|Any CPU.Build.0 = Debug|Any CPU
		{282F14EB-2C6D-41E5-A3BA-63D5EF00FB5F}.Release|Any CPU.ActiveCfg = Release|Any CPU
		{282F14EB-2C6D-41E5-A3BA-63D5EF00FB5F}.Release|Any CPU.Build.0 = Release|Any CPU
		{282F14EB-2C6D-41E5-A3BA-63D5EF00FB5F}.Test|Any CPU.ActiveCfg = Debug|Any CPU
		{282F14EB-2C6D-41E5-A3BA-63D5EF00FB5F}.Test|Any CPU.Build.0 = Debug|Any CPU
	EndGlobalSection
	GlobalSection(SolutionProperties) = preSolution
		HideSolutionNode = FALSE
	EndGlobalSection
	GlobalSection(ExtensibilityGlobals) = postSolution
		SolutionGuid = {54B008B1-44CF-4DF1-B912-BC96C93CD23E}
	EndGlobalSection
EndGlobal
