
Microsoft Visual Studio Solution File, Format Version 12.00
# Visual Studio 2012
Project("{FAE04EC0-301F-11D3-BF4B-00C04F79EFBC}") = "Passbook.Generator", "Passbook.Generator\Passbook.Generator.csproj", "{CEC0A9CE-3250-410F-9469-38EEF0F9C8B6}"
EndProject
Project("{FAE04EC0-301F-11D3-BF4B-00C04F79EFBC}") = "Passbook.Sample.Web", "Passbook.Sample.Web\Passbook.Sample.Web.csproj", "{5E027B2A-8351-4805-B633-13095574CF06}"
EndProject
Project("{2150E333-8FDC-42A3-9474-1A3956D46DE8}") = "Solution Items", "Solution Items", "{4C5E4812-6174-4F75-8AEE-45100AB9205F}"
	ProjectSection(SolutionItems) = preProject
		README.md = README.md
	EndProjectSection
EndProject
Global
	GlobalSection(SolutionConfigurationPlatforms) = preSolution
		Debug|Any CPU = Debug|Any CPU
		Release|Any CPU = Release|Any CPU
	EndGlobalSection
	GlobalSection(ProjectConfigurationPlatforms) = postSolution
		{CEC0A9CE-3250-410F-9469-38EEF0F9C8B6}.Debug|Any CPU.ActiveCfg = Debug|Any CPU
		{CEC0A9CE-3250-410F-9469-38EEF0F9C8B6}.Debug|Any CPU.Build.0 = Debug|Any CPU
		{CEC0A9CE-3250-410F-9469-38EEF0F9C8B6}.Release|Any CPU.ActiveCfg = Release|Any CPU
		{CEC0A9CE-3250-410F-9469-38EEF0F9C8B6}.Release|Any CPU.Build.0 = Release|Any CPU
		{5E027B2A-8351-4805-B633-13095574CF06}.Debug|Any CPU.ActiveCfg = Debug|Any CPU
		{5E027B2A-8351-4805-B633-13095574CF06}.Debug|Any CPU.Build.0 = Debug|Any CPU
		{5E027B2A-8351-4805-B633-13095574CF06}.Release|Any CPU.ActiveCfg = Release|Any CPU
		{5E027B2A-8351-4805-B633-13095574CF06}.Release|Any CPU.Build.0 = Release|Any CPU
	EndGlobalSection
	GlobalSection(SolutionProperties) = preSolution
		HideSolutionNode = FALSE
	EndGlobalSection
EndGlobal
